// !$*UTF8*$!
{
	archiveVersion = 1;
	classes = {
	};
	objectVersion = 77;
	objects = {

/* Begin PBXContainerItemProxy section */
		A8D2D4E92F30E4D3009D2E71 /* PBXContainerItemProxy */ = {
			isa = PBXContainerItemProxy;
			containerPortal = A8D2D4D12F30E4D2009D2E71 /* Project object */;
			proxyType = 1;
			remoteGlobalIDString = A8D2D4D82F30E4D2009D2E71;
			remoteInfo = Ingsight;
		};
		A8D2D4F32F30E4D3009D2E71 /* PBXContainerItemProxy */ = {
			isa = PBXContainerItemProxy;
			containerPortal = A8D2D4D12F30E4D2009D2E71 /* Project object */;
			proxyType = 1;
			remoteGlobalIDString = A8D2D4D82F30E4D2009D2E71;
			remoteInfo = Ingsight;
		};
/* End PBXContainerItemProxy section */

/* Begin PBXFileReference section */
		A8D2D4D92F30E4D2009D2E71 /* Ingsight.app */ = {isa = PBXFileReference; explicitFileType = wrapper.application; includeInIndex = 0; path = Ingsight.app; sourceTree = BUILT_PRODUCTS_DIR; };
		A8D2D4E82F30E4D3009D2E71 /* IngsightTests.xctest */ = {isa = PBXFileReference; explicitFileType = wrapper.cfbundle; includeInIndex = 0; path = IngsightTests.xctest; sourceTree = BUILT_PRODUCTS_DIR; };
		A8D2D4F22F30E4D3009D2E71 /* IngsightUITests.xctest */ = {isa = PBXFileReference; explicitFileType = wrapper.cfbundle; includeInIndex = 0; path = IngsightUITests.xctest; sourceTree = BUILT_PRODUCTS_DIR; };
/* End PBXFileReference section */

/* Begin PBXFileSystemSynchronizedGroupBuildPhaseMembershipExceptionSet section */
		A8D2D5122F30E783009D2E71 /* Exceptions for "Ingsight" folder in "Compile Sources" phase from "Ingsight" target */ = {
			isa = PBXFileSystemSynchronizedGroupBuildPhaseMembershipExceptionSet;
			buildPhase = A8D2D4D52F30E4D2009D2E71 /* Sources */;
			membershipExceptions = (
				Resources/toxic_ingredients.json,
			);
		};
/* End PBXFileSystemSynchronizedGroupBuildPhaseMembershipExceptionSet section */

/* Begin PBXFileSystemSynchronizedRootGroup section */
		A8D2D4DB2F30E4D2009D2E71 /* Ingsight */ = {
			isa = PBXFileSystemSynchronizedRootGroup;
			exceptions = (
				A8D2D5122F30E783009D2E71 /* Exceptions for "Ingsight" folder in "Compile Sources" phase from "Ingsight" target */,
			);
			explicitFileTypes = {
				Resources/toxic_ingredients.json = text.json;
			};
			path = Ingsight;
			sourceTree = "<group>";
		};
		A8D2D4EB2F30E4D3009D2E71 /* IngsightTests */ = {
			isa = PBXFileSystemSynchronizedRootGroup;
			path = IngsightTests;
			sourceTree = "<group>";
		};
		A8D2D4F52F30E4D3009D2E71 /* IngsightUITests */ = {
			isa = PBXFileSystemSynchronizedRootGroup;
			path = IngsightUITests;
			sourceTree = "<group>";
		};
/* End PBXFileSystemSynchronizedRootGroup section */

/* Begin PBXFrameworksBuildPhase section */
		A8D2D4D62F30E4D2009D2E71 /* Frameworks */ = {
			isa = PBXFrameworksBuildPhase;
			buildActionMask = 2147483647;
			files = (
			);
			runOnlyForDeploymentPostprocessing = 0;
		};
		A8D2D4E52F30E4D3009D2E71 /* Frameworks */ = {
			isa = PBXFrameworksBuildPhase;
			buildActionMask = 2147483647;
			files = (
			);
			runOnlyForDeploymentPostprocessing = 0;
		};
		A8D2D4EF2F30E4D3009D2E71 /* Frameworks */ = {
			isa = PBXFrameworksBuildPhase;
			buildActionMask = 2147483647;
			files = (
			);
			runOnlyForDeploymentPostprocessing = 0;
		};
/* End PBXFrameworksBuildPhase section */

/* Begin PBXGroup section */
		A8D2D4D02F30E4D2009D2E71 = {
			isa = PBXGroup;
			children = (
				A8D2D4DB2F30E4D2009D2E71 /* Ingsight */,
				A8D2D4EB2F30E4D3009D2E71 /* IngsightTests */,
				A8D2D4F52F30E4D3009D2E71 /* IngsightUITests */,
				A8D2D4DA2F30E4D2009D2E71 /* Products */,
			);
			sourceTree = "<group>";
		};
		A8D2D4DA2F30E4D2009D2E71 /* Products */ = {
			isa = PBXGroup;
			children = (
				A8D2D4D92F30E4D2009D2E71 /* Ingsight.app */,
				A8D2D4E82F30E4D3009D2E71 /* IngsightTests.xctest */,
				A8D2D4F22F30E4D3009D2E71 /* IngsightUITests.xctest */,
			);
			name = Products;
			sourceTree = "<group>";
		};
/* End PBXGroup section */

/* Begin PBXNativeTarget section */
		A8D2D4D82F30E4D2009D2E71 /* Ingsight */ = {
			isa = PBXNativeTarget;
			buildConfigurationList = A8D2D4FC2F30E4D3009D2E71 /* Build configuration list for PBXNativeTarget "Ingsight" */;
			buildPhases = (
				A8D2D4D52F30E4D2009D2E71 /* Sources */,
				A8D2D4D62F30E4D2009D2E71 /* Frameworks */,
				A8D2D4D72F30E4D2009D2E71 /* Resources */,
			);
			buildRules = (
			);
			dependencies = (
			);
			fileSystemSynchronizedGroups = (
				A8D2D4DB2F30E4D2009D2E71 /* Ingsight */,
			);
			name = Ingsight;
			packageProductDependencies = (
			);
			productName = Ingsight;
			productReference = A8D2D4D92F30E4D2009D2E71 /* Ingsight.app */;
			productType = "com.apple.product-type.application";
		};
		A8D2D4E72F30E4D3009D2E71 /* IngsightTests */ = {
			isa = PBXNativeTarget;
			buildConfigurationList = A8D2D4FF2F30E4D3009D2E71 /* Build configuration list for PBXNativeTarget "IngsightTests" */;
			buildPhases = (
				A8D2D4E42F30E4D3009D2E71 /* Sources */,
				A8D2D4E52F30E4D3009D2E71 /* Frameworks */,
				A8D2D4E62F30E4D3009D2E71 /* Resources */,
			);
			buildRules = (
			);
			dependencies = (
				A8D2D4EA2F30E4D3009D2E71 /* PBXTargetDependency */,
			);
			fileSystemSynchronizedGroups = (
				A8D2D4EB2F30E4D3009D2E71 /* IngsightTests */,
			);
			name = IngsightTests;
			packageProductDependencies = (
			);
			productName = IngsightTests;
			productReference = A8D2D4E82F30E4D3009D2E71 /* IngsightTests.xctest */;
			productType = "com.apple.product-type.bundle.unit-test";
		};
		A8D2D4F12F30E4D3009D2E71 /* IngsightUITests */ = {
			isa = PBXNativeTarget;
			buildConfigurationList = A8D2D5022F30E4D3009D2E71 /* Build configuration list for PBXNativeTarget "IngsightUITests" */;
			buildPhases = (
				A8D2D4EE2F30E4D3009D2E71 /* Sources */,
				A8D2D4EF2F30E4D3009D2E71 /* Frameworks */,
				A8D2D4F02F30E4D3009D2E71 /* Resources */,
			);
			buildRules = (
			);
			dependencies = (
				A8D2D4F42F30E4D3009D2E71 /* PBXTargetDependency */,
			);
			fileSystemSynchronizedGroups = (
				A8D2D4F52F30E4D3009D2E71 /* IngsightUITests */,
			);
			name = IngsightUITests;
			packageProductDependencies = (
			);
			productName = IngsightUITests;
			productReference = A8D2D4F22F30E4D3009D2E71 /* IngsightUITests.xctest */;
			productType = "com.apple.product-type.bundle.ui-testing";
		};
/* End PBXNativeTarget section */

/* Begin PBXProject section */
		A8D2D4D12F30E4D2009D2E71 /* Project object */ = {
			isa = PBXProject;
			attributes = {
				BuildIndependentTargetsInParallel = 1;
				LastSwiftUpdateCheck = 2620;
				LastUpgradeCheck = 2620;
				TargetAttributes = {
					A8D2D4D82F30E4D2009D2E71 = {
						CreatedOnToolsVersion = 26.2;
					};
					A8D2D4E72F30E4D3009D2E71 = {
						CreatedOnToolsVersion = 26.2;
						TestTargetID = A8D2D4D82F30E4D2009D2E71;
					};
					A8D2D4F12F30E4D3009D2E71 = {
						CreatedOnToolsVersion = 26.2;
						TestTargetID = A8D2D4D82F30E4D2009D2E71;
					};
				};
			};
			buildConfigurationList = A8D2D4D42F30E4D2009D2E71 /* Build configuration list for PBXProject "Ingsight" */;
			developmentRegion = en;
			hasScannedForEncodings = 0;
			knownRegions = (
				en,
				Base,
			);
			mainGroup = A8D2D4D02F30E4D2009D2E71;
			minimizedProjectReferenceProxies = 1;
			preferredProjectObjectVersion = 77;
			productRefGroup = A8D2D4DA2F30E4D2009D2E71 /* Products */;
			projectDirPath = "";
			projectRoot = "";
			targets = (
				A8D2D4D82F30E4D2009D2E71 /* Ingsight */,
				A8D2D4E72F30E4D3009D2E71 /* IngsightTests */,
				A8D2D4F12F30E4D3009D2E71 /* IngsightUITests */,
			);
		};
/* End PBXProject section */

/* Begin PBXResourcesBuildPhase section */
		A8D2D4D72F30E4D2009D2E71 /* Resources */ = {
			isa = PBXResourcesBuildPhase;
			buildActionMask = 2147483647;
			files = (
			);
			runOnlyForDeploymentPostprocessing = 0;
		};
		A8D2D4E62F30E4D3009D2E71 /* Resources */ = {
			isa = PBXResourcesBuildPhase;
			buildActionMask = 2147483647;
			files = (
			);
			runOnlyForDeploymentPostprocessing = 0;
		};
		A8D2D4F02F30E4D3009D2E71 /* Resources */ = {
			isa = PBXResourcesBuildPhase;
			buildActionMask = 2147483647;
			files = (
			);
			runOnlyForDeploymentPostprocessing = 0;
		};
/* End PBXResourcesBuildPhase section */

/* Begin PBXSourcesBuildPhase section */
		A8D2D4D52F30E4D2009D2E71 /* Sources */ = {
			isa = PBXSourcesBuildPhase;
			buildActionMask = 2147483647;
			files = (
			);
			runOnlyForDeploymentPostprocessing = 0;
		};
		A8D2D4E42F30E4D3009D2E71 /* Sources */ = {
			isa = PBXSourcesBuildPhase;
			buildActionMask = 2147483647;
			files = (
			);
			runOnlyForDeploymentPostprocessing = 0;
		};
		A8D2D4EE2F30E4D3009D2E71 /* Sources */ = {
			isa = PBXSourcesBuildPhase;
			buildActionMask = 2147483647;
			files = (
			);
			runOnlyForDeploymentPostprocessing = 0;
		};
/* End PBXSourcesBuildPhase section */

/* Begin PBXTargetDependency section */
		A8D2D4EA2F30E4D3009D2E71 /* PBXTargetDependency */ = {
			isa = PBXTargetDependency;
			target = A8D2D4D82F30E4D2009D2E71 /* Ingsight */;
			targetProxy = A8D2D4E92F30E4D3009D2E71 /* PBXContainerItemProxy */;
		};
		A8D2D4F42F30E4D3009D2E71 /* PBXTargetDependency */ = {
			isa = PBXTargetDependency;
			target = A8D2D4D82F30E4D2009D2E71 /* Ingsight */;
			targetProxy = A8D2D4F32F30E4D3009D2E71 /* PBXContainerItemProxy */;
		};
/* End PBXTargetDependency section */

/* Begin XCBuildConfiguration section */
		A8D2D4FA2F30E4D3009D2E71 /* Debug */ = {
			isa = XCBuildConfiguration;
			buildSettings = {
				ALWAYS_SEARCH_USER_PATHS = NO;
				ASSETCATALOG_COMPILER_GENERATE_SWIFT_ASSET_SYMBOL_EXTENSIONS = YES;
				CLANG_ANALYZER_NONNULL = YES;
				CLANG_ANALYZER_NUMBER_OBJECT_CONVERSION = YES_AGGRESSIVE;
				CLANG_CXX_LANGUAGE_STANDARD = "gnu++20";
				CLANG_ENABLE_MODULES = YES;
				CLANG_ENABLE_OBJC_ARC = YES;
				CLANG_ENABLE_OBJC_WEAK = YES;
				CLANG_WARN_BLOCK_CAPTURE_AUTORELEASING = YES;
				CLANG_WARN_BOOL_CONVERSION = YES;
				CLANG_WARN_COMMA = YES;
				CLANG_WARN_CONSTANT_CONVERSION = YES;
				CLANG_WARN_DEPRECATED_OBJC_IMPLEMENTATIONS = YES;
				CLANG_WARN_DIRECT_OBJC_ISA_USAGE = YES_ERROR;
				CLANG_WARN_DOCUMENTATION_COMMENTS = YES;
				CLANG_WARN_EMPTY_BODY = YES;
				CLANG_WARN_ENUM_CONVERSION = YES;
				CLANG_WARN_INFINITE_RECURSION = YES;
				CLANG_WARN_INT_CONVERSION = YES;
				CLANG_WARN_NON_LITERAL_NULL_CONVERSION = YES;
				CLANG_WARN_OBJC_IMPLICIT_RETAIN_SELF = YES;
				CLANG_WARN_OBJC_LITERAL_CONVERSION = YES;
				CLANG_WARN_OBJC_ROOT_CLASS = YES_ERROR;
				CLANG_WARN_QUOTED_INCLUDE_IN_FRAMEWORK_HEADER = YES;
				CLANG_WARN_RANGE_LOOP_ANALYSIS = YES;
				CLANG_WARN_STRICT_PROTOTYPES = YES;
				CLANG_WARN_SUSPICIOUS_MOVE = YES;
				CLANG_WARN_UNGUARDED_AVAILABILITY = YES_AGGRESSIVE;
				CLANG_WARN_UNREACHABLE_CODE = YES;
				CLANG_WARN__DUPLICATE_METHOD_MATCH = YES;
				COPY_PHASE_STRIP = NO;
				DEBUG_INFORMATION_FORMAT = dwarf;
				ENABLE_STRICT_OBJC_MSGSEND = YES;
				ENABLE_TESTABILITY = YES;
				ENABLE_USER_SCRIPT_SANDBOXING = YES;
				GCC_C_LANGUAGE_STANDARD = gnu17;
				GCC_DYNAMIC_NO_PIC = NO;
				GCC_NO_COMMON_BLOCKS = YES;
				GCC_OPTIMIZATION_LEVEL = 0;
				GCC_PREPROCESSOR_DEFINITIONS = (
					"DEBUG=1",
					"$(inherited)",
				);
				GCC_WARN_64_TO_32_BIT_CONVERSION = YES;
				GCC_WARN_ABOUT_RETURN_TYPE = YES_ERROR;
				GCC_WARN_UNDECLARED_SELECTOR = YES;
				GCC_WARN_UNINITIALIZED_AUTOS = YES_AGGRESSIVE;
				GCC_WARN_UNUSED_FUNCTION = YES;
				GCC_WARN_UNUSED_VARIABLE = YES;
				IPHONEOS_DEPLOYMENT_TARGET = 26.2;
				LOCALIZATION_PREFERS_STRING_CATALOGS = YES;
				MTL_ENABLE_DEBUG_INFO = INCLUDE_SOURCE;
				MTL_FAST_MATH = YES;
				ONLY_ACTIVE_ARCH = YES;
				SDKROOT = iphoneos;
				SWIFT_ACTIVE_COMPILATION_CONDITIONS = "DEBUG $(inherited)";
				SWIFT_OPTIMIZATION_LEVEL = "-Onone";
			};
			name = Debug;
		};
		A8D2D4FB2F30E4D3009D2E71 /* Release */ = {
			isa = XCBuildConfiguration;
			buildSettings = {
				ALWAYS_SEARCH_USER_PATHS = NO;
				ASSETCATALOG_COMPILER_GENERATE_SWIFT_ASSET_SYMBOL_EXTENSIONS = YES;
				CLANG_ANALYZER_NONNULL = YES;
				CLANG_ANALYZER_NUMBER_OBJECT_CONVERSION = YES_AGGRESSIVE;
				CLANG_CXX_LANGUAGE_STANDARD = "gnu++20";
				CLANG_ENABLE_MODULES = YES;
				CLANG_ENABLE_OBJC_ARC = YES;
				CLANG_ENABLE_OBJC_WEAK = YES;
				CLANG_WARN_BLOCK_CAPTURE_AUTORELEASING = YES;
				CLANG_WARN_BOOL_CONVERSION = YES;
				CLANG_WARN_COMMA = YES;
				CLANG_WARN_CONSTANT_CONVERSION = YES;
				CLANG_WARN_DEPRECATED_OBJC_IMPLEMENTATIONS = YES;
				CLANG_WARN_DIRECT_OBJC_ISA_USAGE = YES_ERROR;
				CLANG_WARN_DOCUMENTATION_COMMENTS = YES;
				CLANG_WARN_EMPTY_BODY = YES;
				CLANG_WARN_ENUM_CONVERSION = YES;
				CLANG_WARN_INFINITE_RECURSION = YES;
				CLANG_WARN_INT_CONVERSION = YES;
				CLANG_WARN_NON_LITERAL_NULL_CONVERSION = YES;
				CLANG_WARN_OBJC_IMPLICIT_RETAIN_SELF = YES;
				CLANG_WARN_OBJC_LITERAL_CONVERSION = YES;
				CLANG_WARN_OBJC_ROOT_CLASS = YES_ERROR;
				CLANG_WARN_QUOTED_INCLUDE_IN_FRAMEWORK_HEADER = YES;
				CLANG_WARN_RANGE_LOOP_ANALYSIS = YES;
				CLANG_WARN_STRICT_PROTOTYPES = YES;
				CLANG_WARN_SUSPICIOUS_MOVE = YES;
				CLANG_WARN_UNGUARDED_AVAILABILITY = YES_AGGRESSIVE;
				CLANG_WARN_UNREACHABLE_CODE = YES;
				CLANG_WARN__DUPLICATE_METHOD_MATCH = YES;
				COPY_PHASE_STRIP = NO;
				DEBUG_INFORMATION_FORMAT = "dwarf-with-dsym";
				ENABLE_NS_ASSERTIONS = NO;
				ENABLE_STRICT_OBJC_MSGSEND = YES;
				ENABLE_USER_SCRIPT_SANDBOXING = YES;
				GCC_C_LANGUAGE_STANDARD = gnu17;
				GCC_NO_COMMON_BLOCKS = YES;
				GCC_WARN_64_TO_32_BIT_CONVERSION = YES;
				GCC_WARN_ABOUT_RETURN_TYPE = YES_ERROR;
				GCC_WARN_UNDECLARED_SELECTOR = YES;
				GCC_WARN_UNINITIALIZED_AUTOS = YES_AGGRESSIVE;
				GCC_WARN_UNUSED_FUNCTION = YES;
				GCC_WARN_UNUSED_VARIABLE = YES;
				IPHONEOS_DEPLOYMENT_TARGET = 26.2;
				LOCALIZATION_PREFERS_STRING_CATALOGS = YES;
				MTL_ENABLE_DEBUG_INFO = NO;
				MTL_FAST_MATH = YES;
				SDKROOT = iphoneos;
				SWIFT_COMPILATION_MODE = wholemodule;
				VALIDATE_PRODUCT = YES;
			};
			name = Release;
		};
		A8D2D4FD2F30E4D3009D2E71 /* Debug */ = {
			isa = XCBuildConfiguration;
			buildSettings = {
				ASSETCATALOG_COMPILER_APPICON_NAME = AppIcon;
				ASSETCATALOG_COMPILER_GLOBAL_ACCENT_COLOR_NAME = AccentColor;
				CODE_SIGN_STYLE = Automatic;
				CURRENT_PROJECT_VERSION = 1;
				ENABLE_PREVIEWS = YES;
				GENERATE_INFOPLIST_FILE = YES;
				INFOPLIST_KEY_NSCameraUsageDescription = "\"Ingsight requires  camera access to identify and analyze the ingredients of a product.\"";
				INFOPLIST_KEY_UIApplicationSceneManifest_Generation = YES;
				INFOPLIST_KEY_UIApplicationSupportsIndirectInputEvents = YES;
				INFOPLIST_KEY_UILaunchScreen_Generation = YES;
				INFOPLIST_KEY_UISupportedInterfaceOrientations_iPad = "UIInterfaceOrientationPortrait UIInterfaceOrientationPortraitUpsideDown UIInterfaceOrientationLandscapeLeft UIInterfaceOrientationLandscapeRight";
				INFOPLIST_KEY_UISupportedInterfaceOrientations_iPhone = "UIInterfaceOrientationPortrait UIInterfaceOrientationLandscapeLeft UIInterfaceOrientationLandscapeRight";
				LD_RUNPATH_SEARCH_PATHS = (
					"$(inherited)",
					"@executable_path/Frameworks",
				);
				MARKETING_VERSION = 1.0;
				PRODUCT_BUNDLE_IDENTIFIER = com.tfdev.Ingsight;
				PRODUCT_NAME = "$(TARGET_NAME)";
				STRING_CATALOG_GENERATE_SYMBOLS = YES;
				SWIFT_APPROACHABLE_CONCURRENCY = YES;
				SWIFT_DEFAULT_ACTOR_ISOLATION = MainActor;
				SWIFT_EMIT_LOC_STRINGS = YES;
				SWIFT_UPCOMING_FEATURE_MEMBER_IMPORT_VISIBILITY = YES;
				SWIFT_VERSION = 6.0;
				TARGETED_DEVICE_FAMILY = "1,2";
			};
			name = Debug;
		};
		A8D2D4FE2F30E4D3009D2E71 /* Release */ = {
			isa = XCBuildConfiguration;
			buildSettings = {
				ASSETCATALOG_COMPILER_APPICON_NAME = AppIcon;
				ASSETCATALOG_COMPILER_GLOBAL_ACCENT_COLOR_NAME = AccentColor;
				CODE_SIGN_STYLE = Automatic;
				CURRENT_PROJECT_VERSION = 1;
				ENABLE_PREVIEWS = YES;
				GENERATE_INFOPLIST_FILE = YES;
				INFOPLIST_KEY_NSCameraUsageDescription = "\"Ingsight requires  camera access to identify and analyze the ingredients of a product.\"";
				INFOPLIST_KEY_UIApplicationSceneManifest_Generation = YES;
				INFOPLIST_KEY_UIApplicationSupportsIndirectInputEvents = YES;
				INFOPLIST_KEY_UILaunchScreen_Generation = YES;
				INFOPLIST_KEY_UISupportedInterfaceOrientations_iPad = "UIInterfaceOrientationPortrait UIInterfaceOrientationPortraitUpsideDown UIInterfaceOrientationLandscapeLeft UIInterfaceOrientationLandscapeRight";
				INFOPLIST_KEY_UISupportedInterfaceOrientations_iPhone = "UIInterfaceOrientationPortrait UIInterfaceOrientationLandscapeLeft UIInterfaceOrientationLandscapeRight";
				LD_RUNPATH_SEARCH_PATHS = (
					"$(inherited)",
					"@executable_path/Frameworks",
				);
				MARKETING_VERSION = 1.0;
				PRODUCT_BUNDLE_IDENTIFIER = com.tfdev.Ingsight;
				PRODUCT_NAME = "$(TARGET_NAME)";
				STRING_CATALOG_GENERATE_SYMBOLS = YES;
				SWIFT_APPROACHABLE_CONCURRENCY = YES;
				SWIFT_DEFAULT_ACTOR_ISOLATION = MainActor;
				SWIFT_EMIT_LOC_STRINGS = YES;
				SWIFT_UPCOMING_FEATURE_MEMBER_IMPORT_VISIBILITY = YES;
				SWIFT_VERSION = 6.0;
				TARGETED_DEVICE_FAMILY = "1,2";
			};
			name = Release;
		};
		A8D2D5002F30E4D3009D2E71 /* Debug */ = {
			isa = XCBuildConfiguration;
			buildSettings = {
				BUNDLE_LOADER = "$(TEST_HOST)";
				CODE_SIGN_STYLE = Automatic;
				CURRENT_PROJECT_VERSION = 1;
				GENERATE_INFOPLIST_FILE = YES;
				IPHONEOS_DEPLOYMENT_TARGET = 26.2;
				MARKETING_VERSION = 1.0;
				PRODUCT_BUNDLE_IDENTIFIER = com.tfdev.IngsightTests;
				PRODUCT_NAME = "$(TARGET_NAME)";
				STRING_CATALOG_GENERATE_SYMBOLS = NO;
				SWIFT_APPROACHABLE_CONCURRENCY = YES;
				SWIFT_EMIT_LOC_STRINGS = NO;
				SWIFT_UPCOMING_FEATURE_MEMBER_IMPORT_VISIBILITY = YES;
				SWIFT_VERSION = 5.0;
				TARGETED_DEVICE_FAMILY = "1,2";
				TEST_HOST = "$(BUILT_PRODUCTS_DIR)/Ingsight.app/$(BUNDLE_EXECUTABLE_FOLDER_PATH)/Ingsight";
			};
			name = Debug;
		};
		A8D2D5012F30E4D3009D2E71 /* Release */ = {
			isa = XCBuildConfiguration;
			buildSettings = {
				BUNDLE_LOADER = "$(TEST_HOST)";
				CODE_SIGN_STYLE = Automatic;
				CURRENT_PROJECT_VERSION = 1;
				GENERATE_INFOPLIST_FILE = YES;
				IPHONEOS_DEPLOYMENT_TARGET = 26.2;
				MARKETING_VERSION = 1.0;
				PRODUCT_BUNDLE_IDENTIFIER = com.tfdev.IngsightTests;
				PRODUCT_NAME = "$(TARGET_NAME)";
				STRING_CATALOG_GENERATE_SYMBOLS = NO;
				SWIFT_APPROACHABLE_CONCURRENCY = YES;
				SWIFT_EMIT_LOC_STRINGS = NO;
				SWIFT_UPCOMING_FEATURE_MEMBER_IMPORT_VISIBILITY = YES;
				SWIFT_VERSION = 5.0;
				TARGETED_DEVICE_FAMILY = "1,2";
				TEST_HOST = "$(BUILT_PRODUCTS_DIR)/Ingsight.app/$(BUNDLE_EXECUTABLE_FOLDER_PATH)/Ingsight";
			};
			name = Release;
		};
		A8D2D5032F30E4D3009D2E71 /* Debug */ = {
			isa = XCBuildConfiguration;
			buildSettings = {
				CODE_SIGN_STYLE = Automatic;
				CURRENT_PROJECT_VERSION = 1;
				GENERATE_INFOPLIST_FILE = YES;
				MARKETING_VERSION = 1.0;
				PRODUCT_BUNDLE_IDENTIFIER = com.tfdev.IngsightUITests;
				PRODUCT_NAME = "$(TARGET_NAME)";
				STRING_CATALOG_GENERATE_SYMBOLS = NO;
				SWIFT_APPROACHABLE_CONCURRENCY = YES;
				SWIFT_EMIT_LOC_STRINGS = NO;
				SWIFT_UPCOMING_FEATURE_MEMBER_IMPORT_VISIBILITY = YES;
				SWIFT_VERSION = 5.0;
				TARGETED_DEVICE_FAMILY = "1,2";
				TEST_TARGET_NAME = Ingsight;
			};
			name = Debug;
		};
		A8D2D5042F30E4D3009D2E71 /* Release */ = {
			isa = XCBuildConfiguration;
			buildSettings = {
				CODE_SIGN_STYLE = Automatic;
				CURRENT_PROJECT_VERSION = 1;
				GENERATE_INFOPLIST_FILE = YES;
				MARKETING_VERSION = 1.0;
				PRODUCT_BUNDLE_IDENTIFIER = com.tfdev.IngsightUITests;
				PRODUCT_NAME = "$(TARGET_NAME)";
				STRING_CATALOG_GENERATE_SYMBOLS = NO;
				SWIFT_APPROACHABLE_CONCURRENCY = YES;
				SWIFT_EMIT_LOC_STRINGS = NO;
				SWIFT_UPCOMING_FEATURE_MEMBER_IMPORT_VISIBILITY = YES;
				SWIFT_VERSION = 5.0;
				TARGETED_DEVICE_FAMILY = "1,2";
				TEST_TARGET_NAME = Ingsight;
			};
			name = Release;
		};
/* End XCBuildConfiguration section */

/* Begin XCConfigurationList section */
		A8D2D4D42F30E4D2009D2E71 /* Build configuration list for PBXProject "Ingsight" */ = {
			isa = XCConfigurationList;
			buildConfigurations = (
				A8D2D4FA2F30E4D3009D2E71 /* Debug */,
				A8D2D4FB2F30E4D3009D2E71 /* Release */,
			);
			defaultConfigurationIsVisible = 0;
			defaultConfigurationName = Release;
		};
		A8D2D4FC2F30E4D3009D2E71 /* Build configuration list for PBXNativeTarget "Ingsight" */ = {
			isa = XCConfigurationList;
			buildConfigurations = (
				A8D2D4FD2F30E4D3009D2E71 /* Debug */,
				A8D2D4FE2F30E4D3009D2E71 /* Release */,
			);
			defaultConfigurationIsVisible = 0;
			defaultConfigurationName = Release;
		};
		A8D2D4FF2F30E4D3009D2E71 /* Build configuration list for PBXNativeTarget "IngsightTests" */ = {
			isa = XCConfigurationList;
			buildConfigurations = (
				A8D2D5002F30E4D3009D2E71 /* Debug */,
				A8D2D5012F30E4D3009D2E71 /* Release */,
			);
			defaultConfigurationIsVisible = 0;
			defaultConfigurationName = Release;
		};
		A8D2D5022F30E4D3009D2E71 /* Build configuration list for PBXNativeTarget "IngsightUITests" */ = {
			isa = XCConfigurationList;
			buildConfigurations = (
				A8D2D5032F30E4D3009D2E71 /* Debug */,
				A8D2D5042F30E4D3009D2E71 /* Release */,
			);
			defaultConfigurationIsVisible = 0;
			defaultConfigurationName = Release;
		};
/* End XCConfigurationList section */
	};
	rootObject = A8D2D4D12F30E4D2009D2E71 /* Project object */;
}
